lockfileVersion: '9.0'

settings:
  autoInstallPeers: true
  excludeLinksFromLockfile: false

importers:

  .:
    devDependencies:
      '@types/bun':
        specifier: 1.4.0
        version: 1.4.0
      hunkdiff:
        specifier: 0.20.1
        version: 0.20.1(@opentui/core@0.5.9(typescript@5.9.3)(web-tree-sitter@0.25.10))(@opentui/react@0.5.9(react-devtools-core@7.0.1)(react@19.2.8)(typescript@5.9.3)(web-tree-sitter@0.25.10)(ws@8.21.3))(react@19.2.8)
      typescript:
        specifier: ^5.9.2
        version: 5.9.3

packages:

  '@opentui/core-darwin-arm64@0.5.9':
    resolution: {integrity: sha512-YcpWGD8GwoO3UYYw0kLDI4qof3ElSwWW5M3fNG+Kw87BSjCa5frZqak5xebdZ/XU5Xsk+BjgbBsxbzo9yrIjZQ==}
    cpu: [arm64]
    os: [darwin]

  '@opentui/core-darwin-x64@0.5.9':
    resolution: {integrity: sha512-xgdZwgcwlDCqi0WPCS1d0GVSd+oKDFX+UVE1ZPei8u8W3pirXGSExxVHNku7QbEYCRvpCeMtoKIa6xN9cVTsoQ==}
    cpu: [x64]
    os: [darwin]

  '@opentui/core-linux-arm64-musl@0.5.9':
    resolution: {integrity: sha512-A7GW4NCTInj2vy3X2gVO2Sm8jllgdLxwPdOklPqyl+xqivQtyG9qwS5YXoCk9fBJt10ORhYKETEjYEnIE5xvMQ==}
    cpu: [arm64]
    os: [linux]
    libc: [musl]

  '@opentui/core-linux-arm64@0.5.9':
    resolution: {integrity: sha512-vHBiJp69wMaL+fRMDpnXCCIpPyQRPZEWCWBatnblUUGIWUseqeQlaPow6ljHSbgAd/GjygAf4tFCyTqNT2ezZA==}
    cpu: [arm64]
    os: [linux]

  '@opentui/core-linux-x64-musl@0.5.9':
    resolution: {integrity: sha512-J4wQs1OMPZ4hR93Op1C/BLFmIta2mUJm4M7djevlgcWcal4RSNO4V8QvUXfogWGci+ADZqEmX2osQQDY5NVJpw==}
    cpu: [x64]
    os: [linux]
    libc: [musl]

  '@opentui/core-linux-x64@0.5.9':
    resolution: {integrity: sha512-rdw7QVopVHwj6fMrJc7hPGVaYg2V5NBlW3MUfkrQBlUlo/87OC4aYDAh5oRIL1CIFD9LjDdh7hwmUNbn/K9Pcw==}
    cpu: [x64]
    os: [linux]

  '@opentui/core-win32-arm64@0.5.9':
    resolution: {integrity: sha512-OnmEsGLWwsHrm6sTsWSSesu4LGjSV1JNWqCsEItbuitWaqH6rXdSahSc5jMFsS57bZxUyaRz01yAqiZzUSXnVQ==}
    cpu: [arm64]
    os: [win32]

  '@opentui/core-win32-x64@0.5.9':
    resolution: {integrity: sha512-/CnAIfKL7+ZeGLyZoXV5zS71Nd8Zn97RUir2DAIY05MJozmfg5s7XOAdUNYuK1cg5mbwlAuqeAsfbuWUAEe15g==}
    cpu: [x64]
    os: [win32]

  '@opentui/core@0.5.9':
    resolution: {integrity: sha512-d0EWYyp6djitu1N1R0o75NrLl4TxY3oJEmRNrX9vSKKC5/jriGQdSV6lJmwiB77O0cxtBnPzWztAV79vA1J2fA==}
    peerDependencies:
      web-tree-sitter: 0.25.10

  '@opentui/react@0.5.9':
    resolution: {integrity: sha512-MrJ0sIDmBOhF4q85yZABEfpd2mOPfSj3jA8WS/MPtySEOGy/0Aw3XZTh9wgFvivGk/qGVJK0s4YY+iLwudIYQg==}
    peerDependencies:
      react: '>=19.2.0'
      react-devtools-core: ^7.0.1
      ws: ^8.18.0

  '@oven/bun-darwin-aarch64@1.4.0':
    resolution: {integrity: sha512-GCpf8QuFLsyioVawP5HrMxA1ZRBlu6Hq9RNnSc3UTUWAzIxBso9trjoZczw1HdgpqSssFkszfIV2zmOzFTjhkw==}
    cpu: [arm64]
    os: [darwin]

  '@oven/bun-darwin-x64@1.4.0':
    resolution: {integrity: sha512-cIrhwOr0SPEraewznhC+c/k6TG8bwFn5uZ4EJuXwjiKJLcAF36q7/bGjWkeXSe48JwMcPRUR054JXF7+cRwSSA==}
    cpu: [x64]
    os: [darwin]

  '@oven/bun-freebsd-aarch64@1.4.0':
    resolution: {integrity: sha512-09x7wnjMR6M5KGBDBhVl2CpfoCIQOkVDbPX2KfIhpXv4N6grbWE7dfLPw/Ydi9gaUMGhU7UKhoz444Nu6RCycA==}
    cpu: [arm64]
    os: [freebsd]

  '@oven/bun-freebsd-x64@1.4.0':
    resolution: {integrity: sha512-dRwzti/qJqV1HWplU27iUWUqp+f2DtFSf2yqQKSb+HH2dDOC//Uqd9u/A5h1DMsLszfP5OGP9UwQIKxVwFODaA==}
    cpu: [x64]
    os: [freebsd]

  '@oven/bun-linux-aarch64-android@1.4.0':
    resolution: {integrity: sha512-HpPIxJfDNPBPhiBNMyZoo/dOLijARfsx5j72vNuLtaTvl0Hh7HUculxjsOQ2WSyGoCgqXMEr1Qqjab1im9u1RA==}
    cpu: [arm64]
    os: [android]

  '@oven/bun-linux-aarch64-musl@1.4.0':
    resolution: {integrity: sha512-RUjAAkJ/CdNV++zVxyANWshPc73CECYsfhk0fWAkoJjtywxJ2BwXzI6nopBBDMfs0HS+fhRGn6zGwU8ccxLeJg==}
    cpu: [arm64]
    os: [linux]
    libc: [musl]

  '@oven/bun-linux-aarch64@1.4.0':
    resolution: {integrity: sha512-Y5yAtCbHK6JjprXEtkdklDQFPADgs+CkfcliyY5g4JJ8baGHyQSrfpSkX3XVJ2C+aBLsdwNDdW+oczMsAwx6uA==}
    cpu: [arm64]
    os: [linux]
    libc: [glibc]

  '@oven/bun-linux-x64-android@1.4.0':
    resolution: {integrity: sha512-u++KyLlfMn36yWz+AgJs+fZtS46UFDNpSSZhrcitkytONtNwq0X6Q9BDVEFXxYl/+Eec0xme1rb6MgW+U35WeA==}
    cpu: [x64]
    os: [android]

  '@oven/bun-linux-x64-musl@1.4.0':
    resolution: {integrity: sha512-C1Dv+ISL8YKEKM9jAHzNifOcRUoziy6UMxh+yVXjUCP6QnbRhENDHLaIWWkQZJyBLTn0I3xozflorAlHiGzGqA==}
    cpu: [x64]
    os: [linux]
    libc: [musl]

  '@oven/bun-linux-x64@1.4.0':
    resolution: {integrity: sha512-Du44zebtPXJujvMLmtIxEQ6ykOhYt7L/Q+YIGVm+Yy+Pj/fpOnq60ggwIpKp/pGAFbYHNiTrA3JTjuZ9MTbZIg==}
    cpu: [x64]
    os: [linux]
    libc: [glibc]

  '@oven/bun-windows-aarch64@1.4.0':
    resolution: {integrity: sha512-FBAYaQpJBP0asgqzL6NFUfjdQqsV+kvTpJ/eWxPKj+RcDgIfPSuE8kvQuPYu5pa8u8JTujYMjmuyvHxVuQsInA==}
    cpu: [arm64]
    os: [win32]

  '@oven/bun-windows-x64@1.4.0':
    resolution: {integrity: sha512-jRKv1NPLznMSZY5BEWciMF7zv0Tiyo2pQSxAJ3w+YWJ6y3VWNJQQQdLlV5Jx8lbOFDrJdrc9dD3GV17k3BP41A==}
    cpu: [x64]
    os: [win32]

  '@types/bun@1.4.0':
    resolution: {integrity: sha512-K+lZULY23vRgK/CfTjFIV+tyifaNdSMlPh9j+6mQ/cLfpOznLyAuzgV/JQysyECpkBQLVMSyvjlr2fBUSA9wFQ==}

  '@types/node@26.4.0':
    resolution: {integrity: sha512-faiGnoIrLH/V8cibOMEAZ8pMw6oXqSukl29ra4mN8GdaB2ZewzeaLj+INpV5N+Z1eKWzY+IzaIZH2EIR6YZRNQ==}

  ansi-regex@6.3.0:
    resolution: {integrity: sha512-WpDfL7NO6j7tH88IDBNVdUJxDh9nmCteAVW9dsep846XdwF4naCBK+/tGLX3KJgcpgMRXCFlTM2hKGoK9FsdrQ==}
    engines: {node: '>=12'}

  bun-ffi-structs@0.3.1:
    resolution: {integrity: sha512-3gM7PpVWLyrwxWjcilSiGuhWanhZivvo6l0u573NziPH6f/gwk6McbaYgn7oJWov6pKGRTDbrg94W5DcJsKTtQ==}
    peerDependencies:
      typescript: ^5

  bun-types@1.4.0:
    resolution: {integrity: sha512-iIKw23BspnQQYd3prITOBxeUsxBHnwzX6YJfGMuNOZzeNcMmVqzIIVGRm1l69ogaPQmb4wB6BN8mA5bE9YuC5Q==}

  bun@1.4.0:
    resolution: {integrity: sha512-iRiFkc2W7UVpCyZXO9tod45TP9QCyN19fWqbpeN/jaM/K7uzeHYx/OSPsahMJazGKBgPsnxRt+4Jc43d8BcHZw==}
    cpu: [arm64, x64]
    os: [darwin, linux, android, freebsd, win32]
    hasBin: true

  chokidar@4.0.3:
    resolution: {integrity: sha512-Qgzu8kfBvo+cA4962jnP1KkS6Dop5NS6g7R5LFYJr4b8Ub94PPQXUksCw9PvXoeXPRRddRNC5C1JQUR2SMGtnA==}
    engines: {node: '>= 14.16.0'}

  commander@14.0.3:
    resolution: {integrity: sha512-H+y0Jo/T1RZ9qPP4Eh1pkcQcLRglraJaSLoyOtHxu6AapkjWVCy2Sit1QQ4x3Dng8qDlSsZEet7g5Pq06MvTgw==}
    engines: {node: '>=20'}

  diff@8.0.4:
    resolution: {integrity: sha512-DPi0FmjiSU5EvQV0++GFDOJ9ASQUVFh5kD+OzOnYdi7n3Wpm9hWWGfB/O2blfHcMVTL5WkQXSnRiK9makhrcnw==}
    engines: {node: '>=0.3.1'}

  diff@9.0.0:
    resolution: {integrity: sha512-svtcdpS8CgJyqAjEQIXdb3OjhFVVYjzGAPO8WGCmRbrml64SPw/jJD4GoE98aR7r25A0XcgrK3F02yw9R/vhQw==}
    engines: {node: '>=0.3.1'}

  emoji-regex@10.6.0:
    resolution: {integrity: sha512-toUI84YS5YmxW219erniWD0CIVOo46xGKColeNQRgOzDorgBi1v4D71/OFzgD9GO2UGKIv1C3Sp8DAn0+j5w7A==}

  get-east-asian-width@1.6.0:
    resolution: {integrity: sha512-QRbvDIbx6YklUe6RxeTeleMR0yv3cYH6PsPZHcnVn7xv7zO1BHN8r0XETu8n6Ye3Q+ahtSarc3WgtNWmehIBfA==}
    engines: {node: '>=18'}

  hunkdiff-darwin-arm64@0.20.1:
    resolution: {integrity: sha512-ydP1LNqiib+2spLu5HBISKcKm51+m5h7odYbL26HXjB/GgdRbpdT6sJcP4/uptKpzS4f1SFgBck+c6uiHmiDXA==}
    cpu: [arm64]
    os: [darwin]
    hasBin: true

  hunkdiff-darwin-x64@0.20.1:
    resolution: {integrity: sha512-5ldwP/E68xZvTq38vSNmVNYuwnecWdhd1tWUyo/Yi4mCv2xiNOjbG5TnlXyZrrIx7/WFcKkd+Urd3MzpM7U6Iw==}
    cpu: [x64]
    os: [darwin]
    hasBin: true

  hunkdiff-linux-arm64@0.20.1:
    resolution: {integrity: sha512-Ji89L5DvKA1H4259u7BIHdMksif5ouPWjP8EUGAMHyZR4uJKmkuCyclaWu8dqjnFPk5N5P/Coq2+Ld1cSl2BFQ==}
    cpu: [arm64]
    os: [linux]
    hasBin: true

  hunkdiff-linux-x64@0.20.1:
    resolution: {integrity: sha512-5Wk5c9nzSuGsxZY8nuHzehNp49daF0rjHnlMdEiPkx4ljn4KyRZ5DrXw++vZZ1+8iRpmQy8fD+QlvYF0XWOxiQ==}
    cpu: [x64]
    os: [linux]
    hasBin: true

  hunkdiff-windows-x64@0.20.1:
    resolution: {integrity: sha512-V0w0kTsgG7cPmeVLMFq/yW7y+gC1Vt0KX2GTnjh7jPV9nLmQuYFH2KQgdEnXIa/DbthenA24ilDItmHqovyHaw==}
    cpu: [x64]
    os: [win32]
    hasBin: true

  hunkdiff@0.20.1:
    resolution: {integrity: sha512-2efcMu3go/GX7nMWkt66vva4K5ZkB5rYZu5B5uesySNRSs4Md5bUsX6BQ4uyFgDjrBCqAFdWEDtPIJ73X6BW1w==}
    engines: {node: '>=18'}
    hasBin: true
    peerDependencies:
      '@opentui/core': ^0.5.1
      '@opentui/react': ^0.5.1
      '@pierre/diffs': 1.3.5
      react: ^19.2.4
    peerDependenciesMeta:
      '@pierre/diffs':
        optional: true

  marked@17.0.1:
    resolution: {integrity: sha512-boeBdiS0ghpWcSwoNm/jJBwdpFaMnZWRzjA6SkUMYb40SVaN1x7mmfGKp0jvexGcx+7y2La5zRZsYFZI6Qpypg==}
    engines: {node: '>= 20'}
    hasBin: true

  react-devtools-core@7.0.1:
    resolution: {integrity: sha512-C3yNvRHaizlpiASzy7b9vbnBGLrhvdhl1CbdU6EnZgxPNbai60szdLtl+VL76UNOt5bOoVTOz5rNWZxgGt+Gsw==}

  react-reconciler@0.33.0:
    resolution: {integrity: sha512-KetWRytFv1epdpJc3J4G75I4WrplZE5jOL7Yq0p34+OVOKF4Se7WrdIdVC45XsSSmUTlht2FM/fM1FZb1mfQeA==}
    engines: {node: '>=0.10.0'}
    peerDependencies:
      react: ^19.2.0

  react@19.2.8:
    resolution: {integrity: sha512-PWaYA1L/q9u2u7xYQi+Y3L3Yfnie7XyLeaJICV1MGD6LprsBxcAqGjYyr0eY3p+QdsA+x/Irkt4Qif8D63+Sbw==}
    engines: {node: '>=0.10.0'}

  readdirp@4.1.2:
    resolution: {integrity: sha512-GDhwkLfywWL2s6vEjyhri+eXmfH6j1L7JE27WhqLeYzoh/A3DBaYGEj2H/HFZCn/kMfim73FXxEJTw06WtxQwg==}
    engines: {node: '>= 14.18.0'}

  scheduler@0.27.0:
    resolution: {integrity: sha512-eNv+WrVbKu1f3vbYJT/xtiF5syA5HPIMtf9IgY/nKg0sWqzAUEvqY/xm7OcZc/qafLx/iO9FgOmeSAp4v5ti/Q==}

  shell-quote@1.10.0:
    resolution: {integrity: sha512-w1aiOKwKuRgtwAReIIj89puqg+I7GvX4IbLrvmhXbzQsj1+Zwi4VO3+fa6ZF91TWSjIxoEkKnMeHcLEODK5ZXA==}
    engines: {node: '>= 0.4'}

  shell-quote@1.9.0:
    resolution: {integrity: sha512-Iov+JwFv/2HcTpcwNMKd8+IWNb8tboQJNQTkAY/LLVK7gGH9jy+LGkVqPxfekHl+yMmiqXszdGWXgkfml7hjqA==}
    engines: {node: '>= 0.4'}

  string-width@7.2.0:
    resolution: {integrity: sha512-tsaTIkKW9b4N+AEj+SVA+WhJzV7/zMhcSu78mLKWSk7cXMOSHsBKFWUs0fWwq8QyK3MgJBQRX6Gbi4kYbdvGkQ==}
    engines: {node: '>=18'}

  string-width@8.2.2:
    resolution: {integrity: sha512-GaPUh5gfdrYzqeVNZvUfT23vYYxXzKYidUcnMtJg/3rxRV63EFZy3k6xfKlmfeJD0176lnUV/Usr3XcwSvFzpg==}
    engines: {node: '>=20'}

  strip-ansi@7.1.2:
    resolution: {integrity: sha512-gmBGslpoQJtgnMAvOVqGZpEz9dyoKTCzy2nfz/n8aIFhN/jCE/rCmcxabB6jOOHV+0WNnylOxaxBQPSvcWklhA==}
    engines: {node: '>=12'}

  strip-ansi@7.2.0:
    resolution: {integrity: sha512-yDPMNjp4WyfYBkHnjIRLfca1i6KMyGCtsVgoKe/z1+6vukgaENdgGBZt+ZmKPc4gavvEZ5OgHfHdrazhgNyG7w==}
    engines: {node: '>=12'}

  typescript@5.9.3:
    resolution: {integrity: sha512-jl1vZzPDinLr9eUt3J/t7V6FgNEw9QjvBPdysz9KfQDD41fQrC2Y4vKQdiaUpFT4bXlb1RHhLpp8wtm6M5TgSw==}
    engines: {node: '>=14.17'}
    hasBin: true

  undici-types@8.3.0:
    resolution: {integrity: sha512-j375ScV60dom+YkPFIfTLcOiPxkN/buHz5GobjLhixFuANaNs3C9l4GmrWqejgXWJ7BbJcFYpTEUkS1Ge8bpZQ==}

  web-tree-sitter@0.25.10:
    resolution: {integrity: sha512-Y09sF44/13XvgVKgO2cNDw5rGk6s26MgoZPXLESvMXeefBf7i6/73eFurre0IsTW6E14Y0ArIzhUMmjoc7xyzA==}
    peerDependencies:
      '@types/emscripten': ^1.40.0
    peerDependenciesMeta:
      '@types/emscripten':
        optional: true

  ws@7.5.13:
    resolution: {integrity: sha512-rsKI6xDBFVf4r/x8XyChGK04QR/XHroxs/jUcoWvtEZM8TPU/X/uIY9B1CsSzYws9ZJb/6bbBu7dPhFW00CAoA==}
    engines: {node: '>=8.3.0'}
    peerDependencies:
      bufferutil: ^4.0.1
      utf-8-validate: ^5.0.2
    peerDependenciesMeta:
      bufferutil:
        optional: true
      utf-8-validate:
        optional: true

  ws@8.21.3:
    resolution: {integrity: sha512-201TZ/kPWxoPr/OKWjquZR1SWKXcvxdH+e1xrx89b3YbmzLMFCLfnaG1HFIgWzJOEWZ7MvpK++odZufgYR50Rw==}
    engines: {node: '>=10.0.0'}
    peerDependencies:
      bufferutil: ^4.0.1
      utf-8-validate: '>=5.0.2'
    peerDependenciesMeta:
      bufferutil:
        optional: true
      utf-8-validate:
        optional: true

  zod@4.5.4:
    resolution: {integrity: sha512-sC95tT5iHHH9gtpj6A81kh+NEaRAUFN+qlUPDUbRfOMvNf5QCBqsb3WgvnpVtK5Y+4UfA6KqufotuTvMGiTlsA==}

snapshots:

  '@opentui/core-darwin-arm64@0.5.9':
    optional: true

  '@opentui/core-darwin-x64@0.5.9':
    optional: true

  '@opentui/core-linux-arm64-musl@0.5.9':
    optional: true

  '@opentui/core-linux-arm64@0.5.9':
    optional: true

  '@opentui/core-linux-x64-musl@0.5.9':
    optional: true

  '@opentui/core-linux-x64@0.5.9':
    optional: true

  '@opentui/core-win32-arm64@0.5.9':
    optional: true

  '@opentui/core-win32-x64@0.5.9':
    optional: true

  '@opentui/core@0.5.9(typescript@5.9.3)(web-tree-sitter@0.25.10)':
    dependencies:
      bun-ffi-structs: 0.3.1(typescript@5.9.3)
      diff: 9.0.0
      marked: 17.0.1
      string-width: 7.2.0
      strip-ansi: 7.1.2
      web-tree-sitter: 0.25.10
    optionalDependencies:
      '@opentui/core-darwin-arm64': 0.5.9
      '@opentui/core-darwin-x64': 0.5.9
      '@opentui/core-linux-arm64': 0.5.9
      '@opentui/core-linux-arm64-musl': 0.5.9
      '@opentui/core-linux-x64': 0.5.9
      '@opentui/core-linux-x64-musl': 0.5.9
      '@opentui/core-win32-arm64': 0.5.9
      '@opentui/core-win32-x64': 0.5.9
    transitivePeerDependencies:
      - typescript

  '@opentui/react@0.5.9(react-devtools-core@7.0.1)(react@19.2.8)(typescript@5.9.3)(web-tree-sitter@0.25.10)(ws@8.21.3)':
    dependencies:
      '@opentui/core': 0.5.9(typescript@5.9.3)(web-tree-sitter@0.25.10)
      react: 19.2.8
      react-devtools-core: 7.0.1
      react-reconciler: 0.33.0(react@19.2.8)
      ws: 8.21.3
    transitivePeerDependencies:
      - typescript
      - web-tree-sitter

  '@oven/bun-darwin-aarch64@1.4.0':
    optional: true

  '@oven/bun-darwin-x64@1.4.0':
    optional: true

  '@oven/bun-freebsd-aarch64@1.4.0':
    optional: true

  '@oven/bun-freebsd-x64@1.4.0':
    optional: true

  '@oven/bun-linux-aarch64-android@1.4.0':
    optional: true

  '@oven/bun-linux-aarch64-musl@1.4.0':
    optional: true

  '@oven/bun-linux-aarch64@1.4.0':
    optional: true

  '@oven/bun-linux-x64-android@1.4.0':
    optional: true

  '@oven/bun-linux-x64-musl@1.4.0':
    optional: true

  '@oven/bun-linux-x64@1.4.0':
    optional: true

  '@oven/bun-windows-aarch64@1.4.0':
    optional: true

  '@oven/bun-windows-x64@1.4.0':
    optional: true

  '@types/bun@1.4.0':
    dependencies:
      bun-types: 1.4.0

  '@types/node@26.4.0':
    dependencies:
      undici-types: 8.3.0

  ansi-regex@6.3.0: {}

  bun-ffi-structs@0.3.1(typescript@5.9.3):
    dependencies:
      typescript: 5.9.3

  bun-types@1.4.0:
    dependencies:
      '@types/node': 26.4.0

  bun@1.4.0:
    optionalDependencies:
      '@oven/bun-darwin-aarch64': 1.4.0
      '@oven/bun-darwin-x64': 1.4.0
      '@oven/bun-freebsd-aarch64': 1.4.0
      '@oven/bun-freebsd-x64': 1.4.0
      '@oven/bun-linux-aarch64': 1.4.0
      '@oven/bun-linux-aarch64-android': 1.4.0
      '@oven/bun-linux-aarch64-musl': 1.4.0
      '@oven/bun-linux-x64': 1.4.0
      '@oven/bun-linux-x64-android': 1.4.0
      '@oven/bun-linux-x64-musl': 1.4.0
      '@oven/bun-windows-aarch64': 1.4.0
      '@oven/bun-windows-x64': 1.4.0

  chokidar@4.0.3:
    dependencies:
      readdirp: 4.1.2

  commander@14.0.3: {}

  diff@8.0.4: {}

  diff@9.0.0: {}

  emoji-regex@10.6.0: {}

  get-east-asian-width@1.6.0: {}

  hunkdiff-darwin-arm64@0.20.1:
    optional: true

  hunkdiff-darwin-x64@0.20.1:
    optional: true

  hunkdiff-linux-arm64@0.20.1:
    optional: true

  hunkdiff-linux-x64@0.20.1:
    optional: true

  hunkdiff-windows-x64@0.20.1:
    optional: true

  hunkdiff@0.20.1(@opentui/core@0.5.9(typescript@5.9.3)(web-tree-sitter@0.25.10))(@opentui/react@0.5.9(react-devtools-core@7.0.1)(react@19.2.8)(typescript@5.9.3)(web-tree-sitter@0.25.10)(ws@8.21.3))(react@19.2.8):
    dependencies:
      '@opentui/core': 0.5.9(typescript@5.9.3)(web-tree-sitter@0.25.10)
      '@opentui/react': 0.5.9(react-devtools-core@7.0.1)(react@19.2.8)(typescript@5.9.3)(web-tree-sitter@0.25.10)(ws@8.21.3)
      bun: 1.4.0
      chokidar: 4.0.3
      commander: 14.0.3
      diff: 8.0.4
      get-east-asian-width: 1.6.0
      react: 19.2.8
      shell-quote: 1.9.0
      string-width: 8.2.2
      zod: 4.5.4
    optionalDependencies:
      hunkdiff-darwin-arm64: 0.20.1
      hunkdiff-darwin-x64: 0.20.1
      hunkdiff-linux-arm64: 0.20.1
      hunkdiff-linux-x64: 0.20.1
      hunkdiff-windows-x64: 0.20.1

  marked@17.0.1: {}

  react-devtools-core@7.0.1:
    dependencies:
      shell-quote: 1.10.0
      ws: 7.5.13
    transitivePeerDependencies:
      - bufferutil
      - utf-8-validate

  react-reconciler@0.33.0(react@19.2.8):
    dependencies:
      react: 19.2.8
      scheduler: 0.27.0

  react@19.2.8: {}

  readdirp@4.1.2: {}

  scheduler@0.27.0: {}

  shell-quote@1.10.0: {}

  shell-quote@1.9.0: {}

  string-width@7.2.0:
    dependencies:
      emoji-regex: 10.6.0
      get-east-asian-width: 1.6.0
      strip-ansi: 7.2.0

  string-width@8.2.2:
    dependencies:
      get-east-asian-width: 1.6.0
      strip-ansi: 7.2.0

  strip-ansi@7.1.2:
    dependencies:
      ansi-regex: 6.3.0

  strip-ansi@7.2.0:
    dependencies:
      ansi-regex: 6.3.0

  typescript@5.9.3: {}

  undici-types@8.3.0: {}

  web-tree-sitter@0.25.10: {}

  ws@7.5.13: {}

  ws@8.21.3: {}

  zod@4.5.4: {}
